
Microsoft Visual Studio Solution File, Format Version 12.00
Project("{FAE04EC0-301F-11D3-BF4B-00C04F79EFBC}") = "PizzaStore.API", "PizzaStore.API\PizzaStore.API.csproj", "{0070B2EC-926A-4E7A-88F0-81581089E300}"
EndProject
Project("{FAE04EC0-301F-11D3-BF4B-00C04F79EFBC}") = "PizzaStore.Migration", "PizzaStore.Migration\PizzaStore.Migration.csproj", "{E4C8168F-7B57-4008-BB72-7483E18A00DC}"
EndProject
Project("{2150E333-8FDC-42A3-9474-1A3956D46DE8}") = "Data", "Data", "{9A48E661-A68E-4C05-872D-78499743D8F3}"
EndProject
Project("{FAE04EC0-301F-11D3-BF4B-00C04F79EFBC}") = "PizzaStore", "PizzaStore\PizzaStore.csproj", "{894DEDD7-1A64-4FDB-AF16-3B89AD0DFC84}"
EndProject
Project("{FAE04EC0-301F-11D3-BF4B-00C04F79EFBC}") = "PizzaStore.Data", "Data\DatabaseGeneric\PizzaStore.Data.csproj", "{3FDC3581-6FFA-4C54-9485-822E12FEC83C}"
EndProject
Project("{FAE04EC0-301F-11D3-BF4B-00C04F79EFBC}") = "PizzaStore.DataDBSpecific", "Data\DatabaseSpecific\PizzaStore.DataDBSpecific.csproj", "{5AA7174A-4297-4A7A-BB46-A78AA7557CA3}"
EndProject
Project("{FAE04EC0-301F-11D3-BF4B-00C04F79EFBC}") = "PizzaStore.Read", "Data\PizzaStore.Read\PizzaStore.Read.csproj", "{17B27484-45A4-4E84-810B-DE3EB3078DAD}"
EndProject
Project("{FAE04EC0-301F-11D3-BF4B-00C04F79EFBC}") = "PizzaStore.Read.Persistence", "Data\PizzaStore.Read.Persistence\PizzaStore.Read.Persistence.csproj", "{C1F744AF-9C1F-40B2-8941-70501F49E866}"
EndProject
Project("{FAE04EC0-301F-11D3-BF4B-00C04F79EFBC}") = "PizzaStore.Core", "PizzaStore.Core\PizzaStore.Core.csproj", "{F9B5B8B4-6BC4-46DA-8595-5D7515A5CDB5}"
EndProject
Global
	GlobalSection(SolutionConfigurationPlatforms) = preSolution
		Debug|Any CPU = Debug|Any CPU
		Release|Any CPU = Release|Any CPU
	EndGlobalSection
	GlobalSection(ProjectConfigurationPlatforms) = postSolution
		{0070B2EC-926A-4E7A-88F0-81581089E300}.Debug|Any CPU.ActiveCfg = Debug|Any CPU
		{0070B2EC-926A-4E7A-88F0-81581089E300}.Debug|Any CPU.Build.0 = Debug|Any CPU
		{0070B2EC-926A-4E7A-88F0-81581089E300}.Release|Any CPU.ActiveCfg = Release|Any CPU
		{0070B2EC-926A-4E7A-88F0-81581089E300}.Release|Any CPU.Build.0 = Release|Any CPU
		{E4C8168F-7B57-4008-BB72-7483E18A00DC}.Debug|Any CPU.ActiveCfg = Debug|Any CPU
		{E4C8168F-7B57-4008-BB72-7483E18A00DC}.Debug|Any CPU.Build.0 = Debug|Any CPU
		{E4C8168F-7B57-4008-BB72-7483E18A00DC}.Release|Any CPU.ActiveCfg = Release|Any CPU
		{E4C8168F-7B57-4008-BB72-7483E18A00DC}.Release|Any CPU.Build.0 = Release|Any CPU
		{894DEDD7-1A64-4FDB-AF16-3B89AD0DFC84}.Debug|Any CPU.ActiveCfg = Debug|Any CPU
		{894DEDD7-1A64-4FDB-AF16-3B89AD0DFC84}.Debug|Any CPU.Build.0 = Debug|Any CPU
		{894DEDD7-1A64-4FDB-AF16-3B89AD0DFC84}.Release|Any CPU.ActiveCfg = Release|Any CPU
		{894DEDD7-1A64-4FDB-AF16-3B89AD0DFC84}.Release|Any CPU.Build.0 = Release|Any CPU
		{3FDC3581-6FFA-4C54-9485-822E12FEC83C}.Debug|Any CPU.ActiveCfg = Debug|Any CPU
		{3FDC3581-6FFA-4C54-9485-822E12FEC83C}.Debug|Any CPU.Build.0 = Debug|Any CPU
		{3FDC3581-6FFA-4C54-9485-822E12FEC83C}.Release|Any CPU.ActiveCfg = Release|Any CPU
		{3FDC3581-6FFA-4C54-9485-822E12FEC83C}.Release|Any CPU.Build.0 = Release|Any CPU
		{5AA7174A-4297-4A7A-BB46-A78AA7557CA3}.Debug|Any CPU.ActiveCfg = Debug|Any CPU
		{5AA7174A-4297-4A7A-BB46-A78AA7557CA3}.Debug|Any CPU.Build.0 = Debug|Any CPU
		{5AA7174A-4297-4A7A-BB46-A78AA7557CA3}.Release|Any CPU.ActiveCfg = Release|Any CPU
		{5AA7174A-4297-4A7A-BB46-A78AA7557CA3}.Release|Any CPU.Build.0 = Release|Any CPU
		{17B27484-45A4-4E84-810B-DE3EB3078DAD}.Debug|Any CPU.ActiveCfg = Debug|Any CPU
		{17B27484-45A4-4E84-810B-DE3EB3078DAD}.Debug|Any CPU.Build.0 = Debug|Any CPU
		{17B27484-45A4-4E84-810B-DE3EB3078DAD}.Release|Any CPU.ActiveCfg = Release|Any CPU
		{17B27484-45A4-4E84-810B-DE3EB3078DAD}.Release|Any CPU.Build.0 = Release|Any CPU
		{C1F744AF-9C1F-40B2-8941-70501F49E866}.Debug|Any CPU.ActiveCfg = Debug|Any CPU
		{C1F744AF-9C1F-40B2-8941-70501F49E866}.Debug|Any CPU.Build.0 = Debug|Any CPU
		{C1F744AF-9C1F-40B2-8941-70501F49E866}.Release|Any CPU.ActiveCfg = Release|Any CPU
		{C1F744AF-9C1F-40B2-8941-70501F49E866}.Release|Any CPU.Build.0 = Release|Any CPU
		{F9B5B8B4-6BC4-46DA-8595-5D7515A5CDB5}.Debug|Any CPU.ActiveCfg = Debug|Any CPU
		{F9B5B8B4-6BC4-46DA-8595-5D7515A5CDB5}.Debug|Any CPU.Build.0 = Debug|Any CPU
		{F9B5B8B4-6BC4-46DA-8595-5D7515A5CDB5}.Release|Any CPU.ActiveCfg = Release|Any CPU
		{F9B5B8B4-6BC4-46DA-8595-5D7515A5CDB5}.Release|Any CPU.Build.0 = Release|Any CPU
	EndGlobalSection
	GlobalSection(NestedProjects) = preSolution
		{E4C8168F-7B57-4008-BB72-7483E18A00DC} = {9A48E661-A68E-4C05-872D-78499743D8F3}
		{3FDC3581-6FFA-4C54-9485-822E12FEC83C} = {9A48E661-A68E-4C05-872D-78499743D8F3}
		{5AA7174A-4297-4A7A-BB46-A78AA7557CA3} = {9A48E661-A68E-4C05-872D-78499743D8F3}
		{17B27484-45A4-4E84-810B-DE3EB3078DAD} = {9A48E661-A68E-4C05-872D-78499743D8F3}
		{C1F744AF-9C1F-40B2-8941-70501F49E866} = {9A48E661-A68E-4C05-872D-78499743D8F3}
	EndGlobalSection
EndGlobal
