
Microsoft Visual Studio Solution File, Format Version 12.00
Project("{FAE04EC0-301F-11D3-BF4B-00C04F79EFBC}") = "PizzaStoreAPi", "PizzaStoreAPi\PizzaStoreAPi.csproj", "{0070B2EC-926A-4E7A-88F0-81581089E300}"
EndProject
Project("{FAE04EC0-301F-11D3-BF4B-00C04F79EFBC}") = "Schema", "Schema\Schema.csproj", "{E4C8168F-7B57-4008-BB72-7483E18A00DC}"
EndProject
Project("{2150E333-8FDC-42A3-9474-1A3956D46DE8}") = "PizzaStore.Data", "PizzaStore.Data", "{9A48E661-A68E-4C05-872D-78499743D8F3}"
EndProject
Project("{FAE04EC0-301F-11D3-BF4B-00C04F79EFBC}") = "PizzaStore.DataDBSpecific", "PizzaStore.Data\DatabaseSpecific\PizzaStore.DataDBSpecific.csproj", "{563D3FBF-3565-4A57-A75E-16F84BE21392}"
EndProject
Project("{FAE04EC0-301F-11D3-BF4B-00C04F79EFBC}") = "PizzaStore.Data", "PizzaStore.Data\DatabaseGeneric\PizzaStore.Data.csproj", "{5BC52AD6-1E36-46E4-BDC4-D397575D74F7}"
EndProject
Project("{FAE04EC0-301F-11D3-BF4B-00C04F79EFBC}") = "ViewModels.Persistence", "PizzaStore.Data\ViewModels.Persistence\ViewModels.Persistence.csproj", "{9F67D84A-AFF0-41C0-91F4-2BEAA5E770E6}"
EndProject
Project("{FAE04EC0-301F-11D3-BF4B-00C04F79EFBC}") = "ViewModels", "PizzaStore.Data\ViewModels\ViewModels.csproj", "{6A2CE55E-7EEF-447A-948F-8828DF1293DA}"
EndProject
Project("{FAE04EC0-301F-11D3-BF4B-00C04F79EFBC}") = "PizzaStore", "PizzaStore\PizzaStore.csproj", "{894DEDD7-1A64-4FDB-AF16-3B89AD0DFC84}"
EndProject
Global
	GlobalSection(SolutionConfigurationPlatforms) = preSolution
		Debug|Any CPU = Debug|Any CPU
		Release|Any CPU = Release|Any CPU
	EndGlobalSection
	GlobalSection(ProjectConfigurationPlatforms) = postSolution
		{0070B2EC-926A-4E7A-88F0-81581089E300}.Debug|Any CPU.ActiveCfg = Debug|Any CPU
		{0070B2EC-926A-4E7A-88F0-81581089E300}.Debug|Any CPU.Build.0 = Debug|Any CPU
		{0070B2EC-926A-4E7A-88F0-81581089E300}.Release|Any CPU.ActiveCfg = Release|Any CPU
		{0070B2EC-926A-4E7A-88F0-81581089E300}.Release|Any CPU.Build.0 = Release|Any CPU
		{E4C8168F-7B57-4008-BB72-7483E18A00DC}.Debug|Any CPU.ActiveCfg = Debug|Any CPU
		{E4C8168F-7B57-4008-BB72-7483E18A00DC}.Debug|Any CPU.Build.0 = Debug|Any CPU
		{E4C8168F-7B57-4008-BB72-7483E18A00DC}.Release|Any CPU.ActiveCfg = Release|Any CPU
		{E4C8168F-7B57-4008-BB72-7483E18A00DC}.Release|Any CPU.Build.0 = Release|Any CPU
		{563D3FBF-3565-4A57-A75E-16F84BE21392}.Debug|Any CPU.ActiveCfg = Debug|Any CPU
		{563D3FBF-3565-4A57-A75E-16F84BE21392}.Debug|Any CPU.Build.0 = Debug|Any CPU
		{563D3FBF-3565-4A57-A75E-16F84BE21392}.Release|Any CPU.ActiveCfg = Release|Any CPU
		{563D3FBF-3565-4A57-A75E-16F84BE21392}.Release|Any CPU.Build.0 = Release|Any CPU
		{5BC52AD6-1E36-46E4-BDC4-D397575D74F7}.Debug|Any CPU.ActiveCfg = Debug|Any CPU
		{5BC52AD6-1E36-46E4-BDC4-D397575D74F7}.Debug|Any CPU.Build.0 = Debug|Any CPU
		{5BC52AD6-1E36-46E4-BDC4-D397575D74F7}.Release|Any CPU.ActiveCfg = Release|Any CPU
		{5BC52AD6-1E36-46E4-BDC4-D397575D74F7}.Release|Any CPU.Build.0 = Release|Any CPU
		{9F67D84A-AFF0-41C0-91F4-2BEAA5E770E6}.Debug|Any CPU.ActiveCfg = Debug|Any CPU
		{9F67D84A-AFF0-41C0-91F4-2BEAA5E770E6}.Debug|Any CPU.Build.0 = Debug|Any CPU
		{9F67D84A-AFF0-41C0-91F4-2BEAA5E770E6}.Release|Any CPU.ActiveCfg = Release|Any CPU
		{9F67D84A-AFF0-41C0-91F4-2BEAA5E770E6}.Release|Any CPU.Build.0 = Release|Any CPU
		{6A2CE55E-7EEF-447A-948F-8828DF1293DA}.Debug|Any CPU.ActiveCfg = Debug|Any CPU
		{6A2CE55E-7EEF-447A-948F-8828DF1293DA}.Debug|Any CPU.Build.0 = Debug|Any CPU
		{6A2CE55E-7EEF-447A-948F-8828DF1293DA}.Release|Any CPU.ActiveCfg = Release|Any CPU
		{6A2CE55E-7EEF-447A-948F-8828DF1293DA}.Release|Any CPU.Build.0 = Release|Any CPU
		{894DEDD7-1A64-4FDB-AF16-3B89AD0DFC84}.Debug|Any CPU.ActiveCfg = Debug|Any CPU
		{894DEDD7-1A64-4FDB-AF16-3B89AD0DFC84}.Debug|Any CPU.Build.0 = Debug|Any CPU
		{894DEDD7-1A64-4FDB-AF16-3B89AD0DFC84}.Release|Any CPU.ActiveCfg = Release|Any CPU
		{894DEDD7-1A64-4FDB-AF16-3B89AD0DFC84}.Release|Any CPU.Build.0 = Release|Any CPU
	EndGlobalSection
	GlobalSection(NestedProjects) = preSolution
		{563D3FBF-3565-4A57-A75E-16F84BE21392} = {9A48E661-A68E-4C05-872D-78499743D8F3}
		{5BC52AD6-1E36-46E4-BDC4-D397575D74F7} = {9A48E661-A68E-4C05-872D-78499743D8F3}
		{9F67D84A-AFF0-41C0-91F4-2BEAA5E770E6} = {9A48E661-A68E-4C05-872D-78499743D8F3}
		{6A2CE55E-7EEF-447A-948F-8828DF1293DA} = {9A48E661-A68E-4C05-872D-78499743D8F3}
	EndGlobalSection
EndGlobal
